<?xml version="1.0" encoding="UTF-8" standalone="yes" ?>
<CodeBlocks_project_file>
	<FileVersion major="1" minor="6" />
	<Project>
		<Option title="phoebe-gui" />
		<Option makefile_is_custom="1" />
		<Option pch_mode="2" />
		<Option compiler="gcc" />
		<Build>
			<Target title="all">
				<Option output="src/phoebe-gui" prefix_auto="0" extension_auto="0" />
				<Option working_dir="src/" />
				<Option object_output="src/" />
				<Option type="0" />
				<Option compiler="gcc" />
				<Compiler>
					<Add option="-g" />
					<Add option="CFLAGS=-g -O0" />
				</Compiler>
			</Target>
		</Build>
		<Compiler>
			<Add option="-Wall" />
		</Compiler>
		<Unit filename="src/phoebe_gui_accessories.c">
			<Option compilerVar="CC" />
		</Unit>
		<Unit filename="src/phoebe_gui_accessories.h" />
		<Unit filename="src/phoebe_gui_base.c">
			<Option compilerVar="CC" />
		</Unit>
		<Unit filename="src/phoebe_gui_base.h" />
		<Unit filename="src/phoebe_gui_callbacks.c">
			<Option compilerVar="CC" />
		</Unit>
		<Unit filename="src/phoebe_gui_callbacks.h" />
		<Unit filename="src/phoebe_gui_error_handling.c">
			<Option compilerVar="CC" />
		</Unit>
		<Unit filename="src/phoebe_gui_error_handling.h" />
		<Unit filename="src/phoebe_gui_global.h" />
		<Unit filename="src/phoebe_gui_main.c">
			<Option compilerVar="CC" />
		</Unit>
		<Unit filename="src/phoebe_gui_main.h" />
		<Unit filename="src/phoebe_gui_plotting.c">
			<Option compilerVar="CC" />
		</Unit>
		<Unit filename="src/phoebe_gui_plotting.h" />
		<Unit filename="src/phoebe_gui_treeviews.c">
			<Option compilerVar="CC" />
		</Unit>
		<Unit filename="src/phoebe_gui_treeviews.h" />
		<Unit filename="src/phoebe_gui_types.c">
			<Option compilerVar="CC" />
		</Unit>
		<Unit filename="src/phoebe_gui_types.h" />
		<Extensions>
			<envvars />
			<code_completion />
			<debugger />
		</Extensions>
	</Project>
</CodeBlocks_project_file>
