<?xml version="1.0" encoding="UTF-8" standalone="yes" ?>
<CodeBlocks_project_file>
	<FileVersion major="1" minor="6" />
	<Project>
		<Option title="phoebe-lib" />
		<Option makefile_is_custom="1" />
		<Option pch_mode="2" />
		<Option compiler="gcc" />
		<Build>
			<Target title="all">
				<Option output="libphoebe/phoebe-lib.so" prefix_auto="0" extension_auto="0" />
				<Option working_dir="libphoebe/" />
				<Option object_output="cb/obj/" />
				<Option type="3" />
				<Option compiler="gcc" />
				<Compiler>
					<Add option="-g" />
				</Compiler>
			</Target>
		</Build>
		<Compiler>
			<Add option="-Wall" />
		</Compiler>
		<Unit filename="libphoebe/phoebe.h" />
		<Unit filename="libphoebe/phoebe_accessories.c">
			<Option compilerVar="CC" />
		</Unit>
		<Unit filename="libphoebe/phoebe_accessories.h" />
		<Unit filename="libphoebe/phoebe_allocations.c">
			<Option compilerVar="CC" />
		</Unit>
		<Unit filename="libphoebe/phoebe_allocations.h" />
		<Unit filename="libphoebe/phoebe_base.c">
			<Option compilerVar="CC" />
		</Unit>
		<Unit filename="libphoebe/phoebe_base.h" />
		<Unit filename="libphoebe/phoebe_calculations.c">
			<Option compilerVar="CC" />
		</Unit>
		<Unit filename="libphoebe/phoebe_calculations.h" />
		<Unit filename="libphoebe/phoebe_configuration.c">
			<Option compilerVar="CC" />
		</Unit>
		<Unit filename="libphoebe/phoebe_configuration.h" />
		<Unit filename="libphoebe/phoebe_constraints.c">
			<Option compilerVar="CC" />
		</Unit>
		<Unit filename="libphoebe/phoebe_constraints.h" />
		<Unit filename="libphoebe/phoebe_data.c">
			<Option compilerVar="CC" />
		</Unit>
		<Unit filename="libphoebe/phoebe_data.h" />
		<Unit filename="libphoebe/phoebe_error_handling.c">
			<Option compilerVar="CC" />
		</Unit>
		<Unit filename="libphoebe/phoebe_error_handling.h" />
		<Unit filename="libphoebe/phoebe_fitting.c">
			<Option compilerVar="CC" />
		</Unit>
		<Unit filename="libphoebe/phoebe_fitting.h" />
		<Unit filename="libphoebe/phoebe_fortran_interface.c">
			<Option compilerVar="CC" />
		</Unit>
		<Unit filename="libphoebe/phoebe_fortran_interface.h" />
		<Unit filename="libphoebe/phoebe_global.h" />
		<Unit filename="libphoebe/phoebe_ld.c">
			<Option compilerVar="CC" />
		</Unit>
		<Unit filename="libphoebe/phoebe_ld.h" />
		<Unit filename="libphoebe/phoebe_nms.c">
			<Option compilerVar="CC" />
		</Unit>
		<Unit filename="libphoebe/phoebe_nms.h" />
		<Unit filename="libphoebe/phoebe_parameters.c">
			<Option compilerVar="CC" />
		</Unit>
		<Unit filename="libphoebe/phoebe_parameters.h" />
		<Unit filename="libphoebe/phoebe_radiation.c">
			<Option compilerVar="CC" />
		</Unit>
		<Unit filename="libphoebe/phoebe_radiation.h" />
		<Unit filename="libphoebe/phoebe_roche.c">
			<Option compilerVar="CC" />
		</Unit>
		<Unit filename="libphoebe/phoebe_roche.h" />
		<Unit filename="libphoebe/phoebe_spectra.c">
			<Option compilerVar="CC" />
		</Unit>
		<Unit filename="libphoebe/phoebe_spectra.h" />
		<Unit filename="libphoebe/phoebe_types.c">
			<Option compilerVar="CC" />
		</Unit>
		<Unit filename="libphoebe/phoebe_types.h" />
		<Extensions>
			<envvars />
			<code_completion />
			<debugger />
		</Extensions>
	</Project>
</CodeBlocks_project_file>
